
Microsoft Visual Studio Solution File, Format Version 12.00
# Visual Studio Version 17
VisualStudioVersion = 17.8.34330.188
MinimumVisualStudioVersion = 10.0.40219.1
Project("{FAE04EC0-301F-11D3-BF4B-00C04F79EFBC}") = "leetcode", "leetcode\leetcode.csproj", "{5CDE8050-292C-49F3-956F-5341DFA4FABB}"
EndProject
Global
	GlobalSection(SolutionConfigurationPlatforms) = preSolution
		Debug|Any CPU = Debug|Any CPU
		Release|Any CPU = Release|Any CPU
	EndGlobalSection
	GlobalSection(ProjectConfigurationPlatforms) = postSolution
		{5CDE8050-292C-49F3-956F-5341DFA4FABB}.Debug|Any CPU.ActiveCfg = Debug|Any CPU
		{5CDE8050-292C-49F3-956F-5341DFA4FABB}.Debug|Any CPU.Build.0 = Debug|Any CPU
		{5CDE8050-292C-49F3-956F-5341DFA4FABB}.Release|Any CPU.ActiveCfg = Release|Any CPU
		{5CDE8050-292C-49F3-956F-5341DFA4FABB}.Release|Any CPU.Build.0 = Release|Any CPU
	EndGlobalSection
	GlobalSection(SolutionProperties) = preSolution
		HideSolutionNode = FALSE
	EndGlobalSection
	GlobalSection(ExtensibilityGlobals) = postSolution
		SolutionGuid = {616767CF-9C46-4111-8119-56C82C91AFF2}
	EndGlobalSection
EndGlobal
